
Microsoft Visual Studio Solution File, Format Version 12.00
# Visual Studio Version 17
VisualStudioVersion = 17.7.34221.43
MinimumVisualStudioVersion = 10.0.40219.1
Project("{FAE04EC0-301F-11D3-BF4B-00C04F79EFBC}") = "Encriptador", "Encriptador.csproj", "{56D0BDE0-1F54-49BE-9E60-E65B21D42D9D}"
EndProject
Global
	GlobalSection(SolutionConfigurationPlatforms) = preSolution
		Debug|Any CPU = Debug|Any CPU
		Release|Any CPU = Release|Any CPU
	EndGlobalSection
	GlobalSection(ProjectConfigurationPlatforms) = postSolution
		{56D0BDE0-1F54-49BE-9E60-E65B21D42D9D}.Debug|Any CPU.ActiveCfg = Debug|Any CPU
		{56D0BDE0-1F54-49BE-9E60-E65B21D42D9D}.Debug|Any CPU.Build.0 = Debug|Any CPU
		{56D0BDE0-1F54-49BE-9E60-E65B21D42D9D}.Release|Any CPU.ActiveCfg = Release|Any CPU
		{56D0BDE0-1F54-49BE-9E60-E65B21D42D9D}.Release|Any CPU.Build.0 = Release|Any CPU
	EndGlobalSection
	GlobalSection(SolutionProperties) = preSolution
		HideSolutionNode = FALSE
	EndGlobalSection
	GlobalSection(ExtensibilityGlobals) = postSolution
		SolutionGuid = {B6A4FA18-A52F-4AC8-A93D-A585DE39B072}
	EndGlobalSection
EndGlobal
